// !$*UTF8*$!
{
	archiveVersion = 1;
	classes = {
	};
	objectVersion = 46;
	objects = {

/* Begin PBXBuildFile section */
		A9090BFB1EC55D2E00E21531 /* main.m in Sources */ = {isa = PBXBuildFile; fileRef = A9090BFA1EC55D2E00E21531 /* main.m */; };
		A9090BFE1EC55D2E00E21531 /* AppDelegate.m in Sources */ = {isa = PBXBuildFile; fileRef = A9090BFD1EC55D2E00E21531 /* AppDelegate.m */; };
		A9090C011EC55D2E00E21531 /* ViewController.m in Sources */ = {isa = PBXBuildFile; fileRef = A9090C001EC55D2E00E21531 /* ViewController.m */; };
		A9090C041EC55D2E00E21531 /* Main.storyboard in Resources */ = {isa = PBXBuildFile; fileRef = A9090C021EC55D2E00E21531 /* Main.storyboard */; };
		A9090C061EC55D2E00E21531 /* Assets.xcassets in Resources */ = {isa = PBXBuildFile; fileRef = A9090C051EC55D2E00E21531 /* Assets.xcassets */; };
		A9090C091EC55D2E00E21531 /* LaunchScreen.storyboard in Resources */ = {isa = PBXBuildFile; fileRef = A9090C071EC55D2E00E21531 /* LaunchScreen.storyboard */; };
		A9090C131EC55DC800E21531 /* LVRefresh.m in Sources */ = {isa = PBXBuildFile; fileRef = A9090C121EC55DC800E21531 /* LVRefresh.m */; };
/* End PBXBuildFile section */

/* Begin PBXFileReference section */
		A9090BF61EC55D2E00E21531 /* DownRefresh.app */ = {isa = PBXFileReference; explicitFileType = wrapper.application; includeInIndex = 0; path = DownRefresh.app; sourceTree = BUILT_PRODUCTS_DIR; };
		A9090BFA1EC55D2E00E21531 /* main.m */ = {isa = PBXFileReference; lastKnownFileType = sourcecode.c.objc; path = main.m; sourceTree = "<group>"; };
		A9090BFC1EC55D2E00E21531 /* AppDelegate.h */ = {isa = PBXFileReference; lastKnownFileType = sourcecode.c.h; path = AppDelegate.h; sourceTree = "<group>"; };
		A9090BFD1EC55D2E00E21531 /* AppDelegate.m */ = {isa = PBXFileReference; lastKnownFileType = sourcecode.c.objc; path = AppDelegate.m; sourceTree = "<group>"; };
		A9090BFF1EC55D2E00E21531 /* ViewController.h */ = {isa = PBXFileReference; lastKnownFileType = sourcecode.c.h; path = ViewController.h; sourceTree = "<group>"; };
		A9090C001EC55D2E00E21531 /* ViewController.m */ = {isa = PBXFileReference; lastKnownFileType = sourcecode.c.objc; path = ViewController.m; sourceTree = "<group>"; };
		A9090C031EC55D2E00E21531 /* Base */ = {isa = PBXFileReference; lastKnownFileType = file.storyboard; name = Base; path = Base.lproj/Main.storyboard; sourceTree = "<group>"; };
		A9090C051EC55D2E00E21531 /* Assets.xcassets */ = {isa = PBXFileReference; lastKnownFileType = folder.assetcatalog; path = Assets.xcassets; sourceTree = "<group>"; };
		A9090C081EC55D2E00E21531 /* Base */ = {isa = PBXFileReference; lastKnownFileType = file.storyboard; name = Base; path = Base.lproj/LaunchScreen.storyboard; sourceTree = "<group>"; };
		A9090C0A1EC55D2E00E21531 /* Info.plist */ = {isa = PBXFileReference; lastKnownFileType = text.plist.xml; path = Info.plist; sourceTree = "<group>"; };
		A9090C111EC55DC800E21531 /* LVRefresh.h */ = {isa = PBXFileReference; fileEncoding = 4; lastKnownFileType = sourcecode.c.h; path = LVRefresh.h; sourceTree = "<group>"; };
		A9090C121EC55DC800E21531 /* LVRefresh.m */ = {isa = PBXFileReference; fileEncoding = 4; lastKnownFileType = sourcecode.c.objc; path = LVRefresh.m; sourceTree = "<group>"; };
/* End PBXFileReference section */

/* Begin PBXFrameworksBuildPhase section */
		A9090BF31EC55D2E00E21531 /* Frameworks */ = {
			isa = PBXFrameworksBuildPhase;
			buildActionMask = 2147483647;
			files = (
			);
			runOnlyForDeploymentPostprocessing = 0;
		};
/* End PBXFrameworksBuildPhase section */

/* Begin PBXGroup section */
		A9090BED1EC55D2E00E21531 = {
			isa = PBXGroup;
			children = (
				A9090C101EC55D6100E21531 /* Refresh */,
				A9090BF81EC55D2E00E21531 /* DownRefresh */,
				A9090BF71EC55D2E00E21531 /* Products */,
			);
			sourceTree = "<group>";
		};
		A9090BF71EC55D2E00E21531 /* Products */ = {
			isa = PBXGroup;
			children = (
				A9090BF61EC55D2E00E21531 /* DownRefresh.app */,
			);
			name = Products;
			sourceTree = "<group>";
		};
		A9090BF81EC55D2E00E21531 /* DownRefresh */ = {
			isa = PBXGroup;
			children = (
				A9090BFC1EC55D2E00E21531 /* AppDelegate.h */,
				A9090BFD1EC55D2E00E21531 /* AppDelegate.m */,
				A9090BFF1EC55D2E00E21531 /* ViewController.h */,
				A9090C001EC55D2E00E21531 /* ViewController.m */,
				A9090C021EC55D2E00E21531 /* Main.storyboard */,
				A9090C051EC55D2E00E21531 /* Assets.xcassets */,
				A9090C071EC55D2E00E21531 /* LaunchScreen.storyboard */,
				A9090C0A1EC55D2E00E21531 /* Info.plist */,
				A9090BF91EC55D2E00E21531 /* Supporting Files */,
			);
			path = DownRefresh;
			sourceTree = "<group>";
		};
		A9090BF91EC55D2E00E21531 /* Supporting Files */ = {
			isa = PBXGroup;
			children = (
				A9090BFA1EC55D2E00E21531 /* main.m */,
			);
			name = "Supporting Files";
			sourceTree = "<group>";
		};
		A9090C101EC55D6100E21531 /* Refresh */ = {
			isa = PBXGroup;
			children = (
				A9090C111EC55DC800E21531 /* LVRefresh.h */,
				A9090C121EC55DC800E21531 /* LVRefresh.m */,
			);
			path = Refresh;
			sourceTree = "<group>";
		};
/* End PBXGroup section */

/* Begin PBXNativeTarget section */
		A9090BF51EC55D2E00E21531 /* DownRefresh */ = {
			isa = PBXNativeTarget;
			buildConfigurationList = A9090C0D1EC55D2E00E21531 /* Build configuration list for PBXNativeTarget "DownRefresh" */;
			buildPhases = (
				A9090BF21EC55D2E00E21531 /* Sources */,
				A9090BF31EC55D2E00E21531 /* Frameworks */,
				A9090BF41EC55D2E00E21531 /* Resources */,
			);
			buildRules = (
			);
			dependencies = (
			);
			name = DownRefresh;
			productName = DownRefresh;
			productReference = A9090BF61EC55D2E00E21531 /* DownRefresh.app */;
			productType = "com.apple.product-type.application";
		};
/* End PBXNativeTarget section */

/* Begin PBXProject section */
		A9090BEE1EC55D2E00E21531 /* Project object */ = {
			isa = PBXProject;
			attributes = {
				LastUpgradeCheck = 0820;
				ORGANIZATIONNAME = LV;
				TargetAttributes = {
					A9090BF51EC55D2E00E21531 = {
						CreatedOnToolsVersion = 8.2.1;
						DevelopmentTeam = T4654Y4Z9R;
						ProvisioningStyle = Automatic;
					};
				};
			};
			buildConfigurationList = A9090BF11EC55D2E00E21531 /* Build configuration list for PBXProject "DownRefresh" */;
			compatibilityVersion = "Xcode 3.2";
			developmentRegion = English;
			hasScannedForEncodings = 0;
			knownRegions = (
				en,
				Base,
			);
			mainGroup = A9090BED1EC55D2E00E21531;
			productRefGroup = A9090BF71EC55D2E00E21531 /* Products */;
			projectDirPath = "";
			projectRoot = "";
			targets = (
				A9090BF51EC55D2E00E21531 /* DownRefresh */,
			);
		};
/* End PBXProject section */

/* Begin PBXResourcesBuildPhase section */
		A9090BF41EC55D2E00E21531 /* Resources */ = {
			isa = PBXResourcesBuildPhase;
			buildActionMask = 2147483647;
			files = (
				A9090C091EC55D2E00E21531 /* LaunchScreen.storyboard in Resources */,
				A9090C061EC55D2E00E21531 /* Assets.xcassets in Resources */,
				A9090C041EC55D2E00E21531 /* Main.storyboard in Resources */,
			);
			runOnlyForDeploymentPostprocessing = 0;
		};
/* End PBXResourcesBuildPhase section */

/* Begin PBXSourcesBuildPhase section */
		A9090BF21EC55D2E00E21531 /* Sources */ = {
			isa = PBXSourcesBuildPhase;
			buildActionMask = 2147483647;
			files = (
				A9090C011EC55D2E00E21531 /* ViewController.m in Sources */,
				A9090BFE1EC55D2E00E21531 /* AppDelegate.m in Sources */,
				A9090BFB1EC55D2E00E21531 /* main.m in Sources */,
				A9090C131EC55DC800E21531 /* LVRefresh.m in Sources */,
			);
			runOnlyForDeploymentPostprocessing = 0;
		};
/* End PBXSourcesBuildPhase section */

/* Begin PBXVariantGroup section */
		A9090C021EC55D2E00E21531 /* Main.storyboard */ = {
			isa = PBXVariantGroup;
			children = (
				A9090C031EC55D2E00E21531 /* Base */,
			);
			name = Main.storyboard;
			sourceTree = "<group>";
		};
		A9090C071EC55D2E00E21531 /* LaunchScreen.storyboard */ = {
			isa = PBXVariantGroup;
			children = (
				A9090C081EC55D2E00E21531 /* Base */,
			);
			name = LaunchScreen.storyboard;
			sourceTree = "<group>";
		};
/* End PBXVariantGroup section */

/* Begin XCBuildConfiguration section */
		A9090C0B1EC55D2E00E21531 /* Debug */ = {
			isa = XCBuildConfiguration;
			buildSettings = {
				ALWAYS_SEARCH_USER_PATHS = NO;
				CLANG_ANALYZER_NONNULL = YES;
				CLANG_CXX_LANGUAGE_STANDARD = "gnu++0x";
				CLANG_CXX_LIBRARY = "libc++";
				CLANG_ENABLE_MODULES = YES;
				CLANG_ENABLE_OBJC_ARC = YES;
				CLANG_WARN_BOOL_CONVERSION = YES;
				CLANG_WARN_CONSTANT_CONVERSION = YES;
				CLANG_WARN_DIRECT_OBJC_ISA_USAGE = YES_ERROR;
				CLANG_WARN_DOCUMENTATION_COMMENTS = YES;
				CLANG_WARN_EMPTY_BODY = YES;
				CLANG_WARN_ENUM_CONVERSION = YES;
				CLANG_WARN_INFINITE_RECURSION = YES;
				CLANG_WARN_INT_CONVERSION = YES;
				CLANG_WARN_OBJC_ROOT_CLASS = YES_ERROR;
				CLANG_WARN_SUSPICIOUS_MOVE = YES;
				CLANG_WARN_UNREACHABLE_CODE = YES;
				CLANG_WARN__DUPLICATE_METHOD_MATCH = YES;
				"CODE_SIGN_IDENTITY[sdk=iphoneos*]" = "iPhone Developer";
				COPY_PHASE_STRIP = NO;
				DEBUG_INFORMATION_FORMAT = dwarf;
				ENABLE_STRICT_OBJC_MSGSEND = YES;
				ENABLE_TESTABILITY = YES;
				GCC_C_LANGUAGE_STANDARD = gnu99;
				GCC_DYNAMIC_NO_PIC = NO;
				GCC_NO_COMMON_BLOCKS = YES;
				GCC_OPTIMIZATION_LEVEL = 0;
				GCC_PREPROCESSOR_DEFINITIONS = (
					"DEBUG=1",
					"$(inherited)",
				);
				GCC_WARN_64_TO_32_BIT_CONVERSION = YES;
				GCC_WARN_ABOUT_RETURN_TYPE = YES_ERROR;
				GCC_WARN_UNDECLARED_SELECTOR = YES;
				GCC_WARN_UNINITIALIZED_AUTOS = YES_AGGRESSIVE;
				GCC_WARN_UNUSED_FUNCTION = YES;
				GCC_WARN_UNUSED_VARIABLE = YES;
				IPHONEOS_DEPLOYMENT_TARGET = 10.2;
				MTL_ENABLE_DEBUG_INFO = YES;
				ONLY_ACTIVE_ARCH = YES;
				SDKROOT = iphoneos;
			};
			name = Debug;
		};
		A9090C0C1EC55D2E00E21531 /* Release */ = {
			isa = XCBuildConfiguration;
			buildSettings = {
				ALWAYS_SEARCH_USER_PATHS = NO;
				CLANG_ANALYZER_NONNULL = YES;
				CLANG_CXX_LANGUAGE_STANDARD = "gnu++0x";
				CLANG_CXX_LIBRARY = "libc++";
				CLANG_ENABLE_MODULES = YES;
				CLANG_ENABLE_OBJC_ARC = YES;
				CLANG_WARN_BOOL_CONVERSION = YES;
				CLANG_WARN_CONSTANT_CONVERSION = YES;
				CLANG_WARN_DIRECT_OBJC_ISA_USAGE = YES_ERROR;
				CLANG_WARN_DOCUMENTATION_COMMENTS = YES;
				CLANG_WARN_EMPTY_BODY = YES;
				CLANG_WARN_ENUM_CONVERSION = YES;
				CLANG_WARN_INFINITE_RECURSION = YES;
				CLANG_WARN_INT_CONVERSION = YES;
				CLANG_WARN_OBJC_ROOT_CLASS = YES_ERROR;
				CLANG_WARN_SUSPICIOUS_MOVE = YES;
				CLANG_WARN_UNREACHABLE_CODE = YES;
				CLANG_WARN__DUPLICATE_METHOD_MATCH = YES;
				"CODE_SIGN_IDENTITY[sdk=iphoneos*]" = "iPhone Developer";
				COPY_PHASE_STRIP = NO;
				DEBUG_INFORMATION_FORMAT = "dwarf-with-dsym";
				ENABLE_NS_ASSERTIONS = NO;
				ENABLE_STRICT_OBJC_MSGSEND = YES;
				GCC_C_LANGUAGE_STANDARD = gnu99;
				GCC_NO_COMMON_BLOCKS = YES;
				GCC_WARN_64_TO_32_BIT_CONVERSION = YES;
				GCC_WARN_ABOUT_RETURN_TYPE = YES_ERROR;
				GCC_WARN_UNDECLARED_SELECTOR = YES;
				GCC_WARN_UNINITIALIZED_AUTOS = YES_AGGRESSIVE;
				GCC_WARN_UNUSED_FUNCTION = YES;
				GCC_WARN_UNUSED_VARIABLE = YES;
				IPHONEOS_DEPLOYMENT_TARGET = 10.2;
				MTL_ENABLE_DEBUG_INFO = NO;
				SDKROOT = iphoneos;
				VALIDATE_PRODUCT = YES;
			};
			name = Release;
		};
		A9090C0E1EC55D2E00E21531 /* Debug */ = {
			isa = XCBuildConfiguration;
			buildSettings = {
				ASSETCATALOG_COMPILER_APPICON_NAME = AppIcon;
				DEVELOPMENT_TEAM = T4654Y4Z9R;
				INFOPLIST_FILE = DownRefresh/Info.plist;
				IPHONEOS_DEPLOYMENT_TARGET = 8.0;
				LD_RUNPATH_SEARCH_PATHS = "$(inherited) @executable_path/Frameworks";
				PRODUCT_BUNDLE_IDENTIFIER = com.Lv.DownRefresh;
				PRODUCT_NAME = "$(TARGET_NAME)";
			};
			name = Debug;
		};
		A9090C0F1EC55D2E00E21531 /* Release */ = {
			isa = XCBuildConfiguration;
			buildSettings = {
				ASSETCATALOG_COMPILER_APPICON_NAME = AppIcon;
				DEVELOPMENT_TEAM = T4654Y4Z9R;
				INFOPLIST_FILE = DownRefresh/Info.plist;
				IPHONEOS_DEPLOYMENT_TARGET = 8.0;
				LD_RUNPATH_SEARCH_PATHS = "$(inherited) @executable_path/Frameworks";
				PRODUCT_BUNDLE_IDENTIFIER = com.Lv.DownRefresh;
				PRODUCT_NAME = "$(TARGET_NAME)";
			};
			name = Release;
		};
/* End XCBuildConfiguration section */

/* Begin XCConfigurationList section */
		A9090BF11EC55D2E00E21531 /* Build configuration list for PBXProject "DownRefresh" */ = {
			isa = XCConfigurationList;
			buildConfigurations = (
				A9090C0B1EC55D2E00E21531 /* Debug */,
				A9090C0C1EC55D2E00E21531 /* Release */,
			);
			defaultConfigurationIsVisible = 0;
			defaultConfigurationName = Release;
		};
		A9090C0D1EC55D2E00E21531 /* Build configuration list for PBXNativeTarget "DownRefresh" */ = {
			isa = XCConfigurationList;
			buildConfigurations = (
				A9090C0E1EC55D2E00E21531 /* Debug */,
				A9090C0F1EC55D2E00E21531 /* Release */,
			);
			defaultConfigurationIsVisible = 0;
		};
/* End XCConfigurationList section */
	};
	rootObject = A9090BEE1EC55D2E00E21531 /* Project object */;
}
